
Microsoft Visual Studio Solution File, Format Version 12.00
# Visual Studio Version 17
VisualStudioVersion = 17.9.34622.214
MinimumVisualStudioVersion = 10.0.40219.1
Project("{9A19103F-16F7-4668-BE54-9A1E7A4F7556}") = "FirstWebApi.Core", "FirstWebApi.Core\FirstWebApi.Core.csproj", "{61B97C51-4E99-485A-8D40-2210922D9767}"
EndProject
Project("{9A19103F-16F7-4668-BE54-9A1E7A4F7556}") = "FirstWebApi.MainWeb", "FirstWebApi.MainWeb\FirstWebApi.MainWeb.csproj", "{BE249FEE-2FA8-4BC0-885B-3D5BA6EC14E6}"
EndProject
Global
	GlobalSection(SolutionConfigurationPlatforms) = preSolution
		Debug|Any CPU = Debug|Any CPU
		Release|Any CPU = Release|Any CPU
	EndGlobalSection
	GlobalSection(ProjectConfigurationPlatforms) = postSolution
		{61B97C51-4E99-485A-8D40-2210922D9767}.Debug|Any CPU.ActiveCfg = Debug|Any CPU
		{61B97C51-4E99-485A-8D40-2210922D9767}.Debug|Any CPU.Build.0 = Debug|Any CPU
		{61B97C51-4E99-485A-8D40-2210922D9767}.Release|Any CPU.ActiveCfg = Release|Any CPU
		{61B97C51-4E99-485A-8D40-2210922D9767}.Release|Any CPU.Build.0 = Release|Any CPU
		{BE249FEE-2FA8-4BC0-885B-3D5BA6EC14E6}.Debug|Any CPU.ActiveCfg = Debug|Any CPU
		{BE249FEE-2FA8-4BC0-885B-3D5BA6EC14E6}.Debug|Any CPU.Build.0 = Debug|Any CPU
		{BE249FEE-2FA8-4BC0-885B-3D5BA6EC14E6}.Release|Any CPU.ActiveCfg = Release|Any CPU
		{BE249FEE-2FA8-4BC0-885B-3D5BA6EC14E6}.Release|Any CPU.Build.0 = Release|Any CPU
	EndGlobalSection
	GlobalSection(SolutionProperties) = preSolution
		HideSolutionNode = FALSE
	EndGlobalSection
	GlobalSection(ExtensibilityGlobals) = postSolution
		SolutionGuid = {6C14B5E0-E7F3-4C03-9964-B08F9F1954DF}
	EndGlobalSection
EndGlobal
